# THIS IS AN AUTOGENERATED FILE. DO NOT EDIT THIS FILE DIRECTLY.
# yarn lockfile v1


"@adrianbabieczko/random-generator@^1.0.0":
  version "1.0.0"
  resolved "https://registry.yarnpkg.com/@adrianbabieczko/random-generator/-/random-generator-1.0.0.tgz#bbb39e724ffbc9a717987d68847e93d03e9456ff"
  integrity sha512-z4OEqJaxi48XXOGB4rHr+eKGzfTJA9EnBci/n9NLV/KXZpYsoMYvDGA8WrAIAEThfoj4LToIW7ForBJxiPCPEg==
